// !$*UTF8*$!
{
	archiveVersion = 1;
	classes = {
	};
	objectVersion = 77;
	objects = {

/* Begin PBXBuildFile section */
		5E361A142E23BBD10007F574 /* SwiftTA in Frameworks */ = {isa = PBXBuildFile; productRef = 5E361A132E23BBD10007F574 /* SwiftTA */; };
		5E361A162E23BBD10007F574 /* SwiftTradingView in Frameworks */ = {isa = PBXBuildFile; productRef = 5E361A152E23BBD10007F574 /* SwiftTradingView */; };
		5E361A182E23BBD10007F574 /* TALib in Frameworks */ = {isa = PBXBuildFile; productRef = 5E361A172E23BBD10007F574 /* TALib */; };
		5E361A1B2E23C6EE0007F574 /* DGCharts in Frameworks */ = {isa = PBXBuildFile; productRef = 5E361A1A2E23C6EE0007F574 /* DGCharts */; };
		5E5F7B7B2E266E32001AED42 /* seven.png in Resources */ = {isa = PBXBuildFile; fileRef = 5E5F7B762E266E32001AED42 /* seven.png */; };
		5E5F7B7C2E266E32001AED42 /* eight.png in Resources */ = {isa = PBXBuildFile; fileRef = 5E5F7B722E266E32001AED42 /* eight.png */; };
		5E5F7B7D2E266E32001AED42 /* three.png in Resources */ = {isa = PBXBuildFile; fileRef = 5E5F7B782E266E32001AED42 /* three.png */; };
		5E5F7B7E2E266E32001AED42 /* one.png in Resources */ = {isa = PBXBuildFile; fileRef = 5E5F7B752E266E32001AED42 /* one.png */; };
		5E5F7B7F2E266E32001AED42 /* four.png in Resources */ = {isa = PBXBuildFile; fileRef = 5E5F7B742E266E32001AED42 /* four.png */; };
		5E5F7B802E266E32001AED42 /* two.png in Resources */ = {isa = PBXBuildFile; fileRef = 5E5F7B792E266E32001AED42 /* two.png */; };
		5E5F7B812E266E32001AED42 /* six.png in Resources */ = {isa = PBXBuildFile; fileRef = 5E5F7B772E266E32001AED42 /* six.png */; };
		5E5F7B822E266E32001AED42 /* five.png in Resources */ = {isa = PBXBuildFile; fileRef = 5E5F7B732E266E32001AED42 /* five.png */; };
		5E5F7B842E266E5E001AED42 /* test.png in Resources */ = {isa = PBXBuildFile; fileRef = 5E5F7B832E266E5E001AED42 /* test.png */; };
/* End PBXBuildFile section */

/* Begin PBXContainerItemProxy section */
		5EA35D9D2E2248CC00859F79 /* PBXContainerItemProxy */ = {
			isa = PBXContainerItemProxy;
			containerPortal = 5EA35D872E2248CA00859F79 /* Project object */;
			proxyType = 1;
			remoteGlobalIDString = 5EA35D8E2E2248CA00859F79;
			remoteInfo = CoinPulse;
		};
		5EA35DA72E2248CC00859F79 /* PBXContainerItemProxy */ = {
			isa = PBXContainerItemProxy;
			containerPortal = 5EA35D872E2248CA00859F79 /* Project object */;
			proxyType = 1;
			remoteGlobalIDString = 5EA35D8E2E2248CA00859F79;
			remoteInfo = CoinPulse;
		};
/* End PBXContainerItemProxy section */

/* Begin PBXFileReference section */
		5E5F7B722E266E32001AED42 /* eight.png */ = {isa = PBXFileReference; lastKnownFileType = image.png; path = eight.png; sourceTree = "<group>"; };
		5E5F7B732E266E32001AED42 /* five.png */ = {isa = PBXFileReference; lastKnownFileType = image.png; path = five.png; sourceTree = "<group>"; };
		5E5F7B742E266E32001AED42 /* four.png */ = {isa = PBXFileReference; lastKnownFileType = image.png; path = four.png; sourceTree = "<group>"; };
		5E5F7B752E266E32001AED42 /* one.png */ = {isa = PBXFileReference; lastKnownFileType = image.png; path = one.png; sourceTree = "<group>"; };
		5E5F7B762E266E32001AED42 /* seven.png */ = {isa = PBXFileReference; lastKnownFileType = image.png; path = seven.png; sourceTree = "<group>"; };
		5E5F7B772E266E32001AED42 /* six.png */ = {isa = PBXFileReference; lastKnownFileType = image.png; path = six.png; sourceTree = "<group>"; };
		5E5F7B782E266E32001AED42 /* three.png */ = {isa = PBXFileReference; lastKnownFileType = image.png; path = three.png; sourceTree = "<group>"; };
		5E5F7B792E266E32001AED42 /* two.png */ = {isa = PBXFileReference; lastKnownFileType = image.png; path = two.png; sourceTree = "<group>"; };
		5E5F7B832E266E5E001AED42 /* test.png */ = {isa = PBXFileReference; lastKnownFileType = image.png; path = test.png; sourceTree = "<group>"; };
		5EA35D8F2E2248CA00859F79 /* CoinPulse.app */ = {isa = PBXFileReference; explicitFileType = wrapper.application; includeInIndex = 0; path = CoinPulse.app; sourceTree = BUILT_PRODUCTS_DIR; };
		5EA35D9C2E2248CC00859F79 /* CoinPulseTests.xctest */ = {isa = PBXFileReference; explicitFileType = wrapper.cfbundle; includeInIndex = 0; path = CoinPulseTests.xctest; sourceTree = BUILT_PRODUCTS_DIR; };
		5EA35DA62E2248CC00859F79 /* CoinPulseUITests.xctest */ = {isa = PBXFileReference; explicitFileType = wrapper.cfbundle; includeInIndex = 0; path = CoinPulseUITests.xctest; sourceTree = BUILT_PRODUCTS_DIR; };
/* End PBXFileReference section */

/* Begin PBXFileSystemSynchronizedBuildFileExceptionSet section */
		5E5F7B422E264261001AED42 /* Exceptions for "CoinPulse" folder in "CoinPulse" target */ = {
			isa = PBXFileSystemSynchronizedBuildFileExceptionSet;
			membershipExceptions = (
				Info.plist,
			);
			target = 5EA35D8E2E2248CA00859F79 /* CoinPulse */;
		};
/* End PBXFileSystemSynchronizedBuildFileExceptionSet section */

/* Begin PBXFileSystemSynchronizedRootGroup section */
		5EA35D912E2248CA00859F79 /* CoinPulse */ = {
			isa = PBXFileSystemSynchronizedRootGroup;
			exceptions = (
				5E5F7B422E264261001AED42 /* Exceptions for "CoinPulse" folder in "CoinPulse" target */,
			);
			path = CoinPulse;
			sourceTree = "<group>";
		};
		5EA35D9F2E2248CC00859F79 /* CoinPulseTests */ = {
			isa = PBXFileSystemSynchronizedRootGroup;
			path = CoinPulseTests;
			sourceTree = "<group>";
		};
		5EA35DA92E2248CC00859F79 /* CoinPulseUITests */ = {
			isa = PBXFileSystemSynchronizedRootGroup;
			path = CoinPulseUITests;
			sourceTree = "<group>";
		};
/* End PBXFileSystemSynchronizedRootGroup section */

/* Begin PBXFrameworksBuildPhase section */
		5EA35D8C2E2248CA00859F79 /* Frameworks */ = {
			isa = PBXFrameworksBuildPhase;
			buildActionMask = 2147483647;
			files = (
				5E361A1B2E23C6EE0007F574 /* DGCharts in Frameworks */,
				5E361A182E23BBD10007F574 /* TALib in Frameworks */,
				5E361A142E23BBD10007F574 /* SwiftTA in Frameworks */,
				5E361A162E23BBD10007F574 /* SwiftTradingView in Frameworks */,
			);
			runOnlyForDeploymentPostprocessing = 0;
		};
		5EA35D992E2248CC00859F79 /* Frameworks */ = {
			isa = PBXFrameworksBuildPhase;
			buildActionMask = 2147483647;
			files = (
			);
			runOnlyForDeploymentPostprocessing = 0;
		};
		5EA35DA32E2248CC00859F79 /* Frameworks */ = {
			isa = PBXFrameworksBuildPhase;
			buildActionMask = 2147483647;
			files = (
			);
			runOnlyForDeploymentPostprocessing = 0;
		};
/* End PBXFrameworksBuildPhase section */

/* Begin PBXGroup section */
		5E5F7B7A2E266E32001AED42 /* screenshot */ = {
			isa = PBXGroup;
			children = (
				5E5F7B832E266E5E001AED42 /* test.png */,
				5E5F7B722E266E32001AED42 /* eight.png */,
				5E5F7B732E266E32001AED42 /* five.png */,
				5E5F7B742E266E32001AED42 /* four.png */,
				5E5F7B752E266E32001AED42 /* one.png */,
				5E5F7B762E266E32001AED42 /* seven.png */,
				5E5F7B772E266E32001AED42 /* six.png */,
				5E5F7B782E266E32001AED42 /* three.png */,
				5E5F7B792E266E32001AED42 /* two.png */,
			);
			path = screenshot;
			sourceTree = "<group>";
		};
		5EA35D862E2248CA00859F79 = {
			isa = PBXGroup;
			children = (
				5E5F7B7A2E266E32001AED42 /* screenshot */,
				5EA35D912E2248CA00859F79 /* CoinPulse */,
				5EA35D9F2E2248CC00859F79 /* CoinPulseTests */,
				5EA35DA92E2248CC00859F79 /* CoinPulseUITests */,
				5EA35D902E2248CA00859F79 /* Products */,
			);
			sourceTree = "<group>";
		};
		5EA35D902E2248CA00859F79 /* Products */ = {
			isa = PBXGroup;
			children = (
				5EA35D8F2E2248CA00859F79 /* CoinPulse.app */,
				5EA35D9C2E2248CC00859F79 /* CoinPulseTests.xctest */,
				5EA35DA62E2248CC00859F79 /* CoinPulseUITests.xctest */,
			);
			name = Products;
			sourceTree = "<group>";
		};
/* End PBXGroup section */

/* Begin PBXNativeTarget section */
		5EA35D8E2E2248CA00859F79 /* CoinPulse */ = {
			isa = PBXNativeTarget;
			buildConfigurationList = 5EA35DB02E2248CD00859F79 /* Build configuration list for PBXNativeTarget "CoinPulse" */;
			buildPhases = (
				5EA35D8B2E2248CA00859F79 /* Sources */,
				5EA35D8C2E2248CA00859F79 /* Frameworks */,
				5EA35D8D2E2248CA00859F79 /* Resources */,
			);
			buildRules = (
			);
			dependencies = (
			);
			fileSystemSynchronizedGroups = (
				5EA35D912E2248CA00859F79 /* CoinPulse */,
			);
			name = CoinPulse;
			packageProductDependencies = (
				5E361A132E23BBD10007F574 /* SwiftTA */,
				5E361A152E23BBD10007F574 /* SwiftTradingView */,
				5E361A172E23BBD10007F574 /* TALib */,
				5E361A1A2E23C6EE0007F574 /* DGCharts */,
			);
			productName = CoinPulse;
			productReference = 5EA35D8F2E2248CA00859F79 /* CoinPulse.app */;
			productType = "com.apple.product-type.application";
		};
		5EA35D9B2E2248CC00859F79 /* CoinPulseTests */ = {
			isa = PBXNativeTarget;
			buildConfigurationList = 5EA35DB32E2248CD00859F79 /* Build configuration list for PBXNativeTarget "CoinPulseTests" */;
			buildPhases = (
				5EA35D982E2248CC00859F79 /* Sources */,
				5EA35D992E2248CC00859F79 /* Frameworks */,
				5EA35D9A2E2248CC00859F79 /* Resources */,
			);
			buildRules = (
			);
			dependencies = (
				5EA35D9E2E2248CC00859F79 /* PBXTargetDependency */,
			);
			fileSystemSynchronizedGroups = (
				5EA35D9F2E2248CC00859F79 /* CoinPulseTests */,
			);
			name = CoinPulseTests;
			packageProductDependencies = (
			);
			productName = CoinPulseTests;
			productReference = 5EA35D9C2E2248CC00859F79 /* CoinPulseTests.xctest */;
			productType = "com.apple.product-type.bundle.unit-test";
		};
		5EA35DA52E2248CC00859F79 /* CoinPulseUITests */ = {
			isa = PBXNativeTarget;
			buildConfigurationList = 5EA35DB62E2248CD00859F79 /* Build configuration list for PBXNativeTarget "CoinPulseUITests" */;
			buildPhases = (
				5EA35DA22E2248CC00859F79 /* Sources */,
				5EA35DA32E2248CC00859F79 /* Frameworks */,
				5EA35DA42E2248CC00859F79 /* Resources */,
			);
			buildRules = (
			);
			dependencies = (
				5EA35DA82E2248CC00859F79 /* PBXTargetDependency */,
			);
			fileSystemSynchronizedGroups = (
				5EA35DA92E2248CC00859F79 /* CoinPulseUITests */,
			);
			name = CoinPulseUITests;
			packageProductDependencies = (
			);
			productName = CoinPulseUITests;
			productReference = 5EA35DA62E2248CC00859F79 /* CoinPulseUITests.xctest */;
			productType = "com.apple.product-type.bundle.ui-testing";
		};
/* End PBXNativeTarget section */

/* Begin PBXProject section */
		5EA35D872E2248CA00859F79 /* Project object */ = {
			isa = PBXProject;
			attributes = {
				BuildIndependentTargetsInParallel = 1;
				LastSwiftUpdateCheck = 2600;
				LastUpgradeCheck = 2600;
				TargetAttributes = {
					5EA35D8E2E2248CA00859F79 = {
						CreatedOnToolsVersion = 26.0;
					};
					5EA35D9B2E2248CC00859F79 = {
						CreatedOnToolsVersion = 26.0;
						TestTargetID = 5EA35D8E2E2248CA00859F79;
					};
					5EA35DA52E2248CC00859F79 = {
						CreatedOnToolsVersion = 26.0;
						TestTargetID = 5EA35D8E2E2248CA00859F79;
					};
				};
			};
			buildConfigurationList = 5EA35D8A2E2248CA00859F79 /* Build configuration list for PBXProject "CoinPulse" */;
			developmentRegion = en;
			hasScannedForEncodings = 0;
			knownRegions = (
				en,
				Base,
			);
			mainGroup = 5EA35D862E2248CA00859F79;
			minimizedProjectReferenceProxies = 1;
			packageReferences = (
				5E361A122E23BBD10007F574 /* XCRemoteSwiftPackageReference "swift-trading-view" */,
				5E361A192E23C6EE0007F574 /* XCRemoteSwiftPackageReference "Charts" */,
			);
			preferredProjectObjectVersion = 77;
			productRefGroup = 5EA35D902E2248CA00859F79 /* Products */;
			projectDirPath = "";
			projectRoot = "";
			targets = (
				5EA35D8E2E2248CA00859F79 /* CoinPulse */,
				5EA35D9B2E2248CC00859F79 /* CoinPulseTests */,
				5EA35DA52E2248CC00859F79 /* CoinPulseUITests */,
			);
		};
/* End PBXProject section */

/* Begin PBXResourcesBuildPhase section */
		5EA35D8D2E2248CA00859F79 /* Resources */ = {
			isa = PBXResourcesBuildPhase;
			buildActionMask = 2147483647;
			files = (
				5E5F7B7B2E266E32001AED42 /* seven.png in Resources */,
				5E5F7B7C2E266E32001AED42 /* eight.png in Resources */,
				5E5F7B7D2E266E32001AED42 /* three.png in Resources */,
				5E5F7B7E2E266E32001AED42 /* one.png in Resources */,
				5E5F7B7F2E266E32001AED42 /* four.png in Resources */,
				5E5F7B802E266E32001AED42 /* two.png in Resources */,
				5E5F7B812E266E32001AED42 /* six.png in Resources */,
				5E5F7B822E266E32001AED42 /* five.png in Resources */,
				5E5F7B842E266E5E001AED42 /* test.png in Resources */,
			);
			runOnlyForDeploymentPostprocessing = 0;
		};
		5EA35D9A2E2248CC00859F79 /* Resources */ = {
			isa = PBXResourcesBuildPhase;
			buildActionMask = 2147483647;
			files = (
			);
			runOnlyForDeploymentPostprocessing = 0;
		};
		5EA35DA42E2248CC00859F79 /* Resources */ = {
			isa = PBXResourcesBuildPhase;
			buildActionMask = 2147483647;
			files = (
			);
			runOnlyForDeploymentPostprocessing = 0;
		};
/* End PBXResourcesBuildPhase section */

/* Begin PBXSourcesBuildPhase section */
		5EA35D8B2E2248CA00859F79 /* Sources */ = {
			isa = PBXSourcesBuildPhase;
			buildActionMask = 2147483647;
			files = (
			);
			runOnlyForDeploymentPostprocessing = 0;
		};
		5EA35D982E2248CC00859F79 /* Sources */ = {
			isa = PBXSourcesBuildPhase;
			buildActionMask = 2147483647;
			files = (
			);
			runOnlyForDeploymentPostprocessing = 0;
		};
		5EA35DA22E2248CC00859F79 /* Sources */ = {
			isa = PBXSourcesBuildPhase;
			buildActionMask = 2147483647;
			files = (
			);
			runOnlyForDeploymentPostprocessing = 0;
		};
/* End PBXSourcesBuildPhase section */

/* Begin PBXTargetDependency section */
		5EA35D9E2E2248CC00859F79 /* PBXTargetDependency */ = {
			isa = PBXTargetDependency;
			target = 5EA35D8E2E2248CA00859F79 /* CoinPulse */;
			targetProxy = 5EA35D9D2E2248CC00859F79 /* PBXContainerItemProxy */;
		};
		5EA35DA82E2248CC00859F79 /* PBXTargetDependency */ = {
			isa = PBXTargetDependency;
			target = 5EA35D8E2E2248CA00859F79 /* CoinPulse */;
			targetProxy = 5EA35DA72E2248CC00859F79 /* PBXContainerItemProxy */;
		};
/* End PBXTargetDependency section */

/* Begin XCBuildConfiguration section */
		5EA35DAE2E2248CD00859F79 /* Debug */ = {
			isa = XCBuildConfiguration;
			buildSettings = {
				ALWAYS_SEARCH_USER_PATHS = NO;
				ASSETCATALOG_COMPILER_GENERATE_SWIFT_ASSET_SYMBOL_EXTENSIONS = YES;
				CLANG_ANALYZER_NONNULL = YES;
				CLANG_ANALYZER_NUMBER_OBJECT_CONVERSION = YES_AGGRESSIVE;
				CLANG_CXX_LANGUAGE_STANDARD = "gnu++20";
				CLANG_ENABLE_MODULES = YES;
				CLANG_ENABLE_OBJC_ARC = YES;
				CLANG_ENABLE_OBJC_WEAK = YES;
				CLANG_WARN_BLOCK_CAPTURE_AUTORELEASING = YES;
				CLANG_WARN_BOOL_CONVERSION = YES;
				CLANG_WARN_COMMA = YES;
				CLANG_WARN_CONSTANT_CONVERSION = YES;
				CLANG_WARN_DEPRECATED_OBJC_IMPLEMENTATIONS = YES;
				CLANG_WARN_DIRECT_OBJC_ISA_USAGE = YES_ERROR;
				CLANG_WARN_DOCUMENTATION_COMMENTS = YES;
				CLANG_WARN_EMPTY_BODY = YES;
				CLANG_WARN_ENUM_CONVERSION = YES;
				CLANG_WARN_INFINITE_RECURSION = YES;
				CLANG_WARN_INT_CONVERSION = YES;
				CLANG_WARN_NON_LITERAL_NULL_CONVERSION = YES;
				CLANG_WARN_OBJC_IMPLICIT_RETAIN_SELF = YES;
				CLANG_WARN_OBJC_LITERAL_CONVERSION = YES;
				CLANG_WARN_OBJC_ROOT_CLASS = YES_ERROR;
				CLANG_WARN_QUOTED_INCLUDE_IN_FRAMEWORK_HEADER = YES;
				CLANG_WARN_RANGE_LOOP_ANALYSIS = YES;
				CLANG_WARN_STRICT_PROTOTYPES = YES;
				CLANG_WARN_SUSPICIOUS_MOVE = YES;
				CLANG_WARN_UNGUARDED_AVAILABILITY = YES_AGGRESSIVE;
				CLANG_WARN_UNREACHABLE_CODE = YES;
				CLANG_WARN__DUPLICATE_METHOD_MATCH = YES;
				COPY_PHASE_STRIP = NO;
				DEBUG_INFORMATION_FORMAT = dwarf;
				DEVELOPMENT_TEAM = H32ZYL9A98;
				ENABLE_STRICT_OBJC_MSGSEND = YES;
				ENABLE_TESTABILITY = YES;
				ENABLE_USER_SCRIPT_SANDBOXING = YES;
				GCC_C_LANGUAGE_STANDARD = gnu17;
				GCC_DYNAMIC_NO_PIC = NO;
				GCC_NO_COMMON_BLOCKS = YES;
				GCC_OPTIMIZATION_LEVEL = 0;
				GCC_PREPROCESSOR_DEFINITIONS = (
					"DEBUG=1",
					"$(inherited)",
				);
				GCC_WARN_64_TO_32_BIT_CONVERSION = YES;
				GCC_WARN_ABOUT_RETURN_TYPE = YES_ERROR;
				GCC_WARN_UNDECLARED_SELECTOR = YES;
				GCC_WARN_UNINITIALIZED_AUTOS = YES_AGGRESSIVE;
				GCC_WARN_UNUSED_FUNCTION = YES;
				GCC_WARN_UNUSED_VARIABLE = YES;
				IPHONEOS_DEPLOYMENT_TARGET = 26.0;
				LOCALIZATION_PREFERS_STRING_CATALOGS = YES;
				MTL_ENABLE_DEBUG_INFO = INCLUDE_SOURCE;
				MTL_FAST_MATH = YES;
				ONLY_ACTIVE_ARCH = YES;
				SDKROOT = iphoneos;
				SWIFT_ACTIVE_COMPILATION_CONDITIONS = "DEBUG $(inherited)";
				SWIFT_OPTIMIZATION_LEVEL = "-Onone";
			};
			name = Debug;
		};
		5EA35DAF2E2248CD00859F79 /* Release */ = {
			isa = XCBuildConfiguration;
			buildSettings = {
				ALWAYS_SEARCH_USER_PATHS = NO;
				ASSETCATALOG_COMPILER_GENERATE_SWIFT_ASSET_SYMBOL_EXTENSIONS = YES;
				CLANG_ANALYZER_NONNULL = YES;
				CLANG_ANALYZER_NUMBER_OBJECT_CONVERSION = YES_AGGRESSIVE;
				CLANG_CXX_LANGUAGE_STANDARD = "gnu++20";
				CLANG_ENABLE_MODULES = YES;
				CLANG_ENABLE_OBJC_ARC = YES;
				CLANG_ENABLE_OBJC_WEAK = YES;
				CLANG_WARN_BLOCK_CAPTURE_AUTORELEASING = YES;
				CLANG_WARN_BOOL_CONVERSION = YES;
				CLANG_WARN_COMMA = YES;
				CLANG_WARN_CONSTANT_CONVERSION = YES;
				CLANG_WARN_DEPRECATED_OBJC_IMPLEMENTATIONS = YES;
				CLANG_WARN_DIRECT_OBJC_ISA_USAGE = YES_ERROR;
				CLANG_WARN_DOCUMENTATION_COMMENTS = YES;
				CLANG_WARN_EMPTY_BODY = YES;
				CLANG_WARN_ENUM_CONVERSION = YES;
				CLANG_WARN_INFINITE_RECURSION = YES;
				CLANG_WARN_INT_CONVERSION = YES;
				CLANG_WARN_NON_LITERAL_NULL_CONVERSION = YES;
				CLANG_WARN_OBJC_IMPLICIT_RETAIN_SELF = YES;
				CLANG_WARN_OBJC_LITERAL_CONVERSION = YES;
				CLANG_WARN_OBJC_ROOT_CLASS = YES_ERROR;
				CLANG_WARN_QUOTED_INCLUDE_IN_FRAMEWORK_HEADER = YES;
				CLANG_WARN_RANGE_LOOP_ANALYSIS = YES;
				CLANG_WARN_STRICT_PROTOTYPES = YES;
				CLANG_WARN_SUSPICIOUS_MOVE = YES;
				CLANG_WARN_UNGUARDED_AVAILABILITY = YES_AGGRESSIVE;
				CLANG_WARN_UNREACHABLE_CODE = YES;
				CLANG_WARN__DUPLICATE_METHOD_MATCH = YES;
				COPY_PHASE_STRIP = NO;
				DEBUG_INFORMATION_FORMAT = "dwarf-with-dsym";
				DEVELOPMENT_TEAM = H32ZYL9A98;
				ENABLE_NS_ASSERTIONS = NO;
				ENABLE_STRICT_OBJC_MSGSEND = YES;
				ENABLE_USER_SCRIPT_SANDBOXING = YES;
				GCC_C_LANGUAGE_STANDARD = gnu17;
				GCC_NO_COMMON_BLOCKS = YES;
				GCC_WARN_64_TO_32_BIT_CONVERSION = YES;
				GCC_WARN_ABOUT_RETURN_TYPE = YES_ERROR;
				GCC_WARN_UNDECLARED_SELECTOR = YES;
				GCC_WARN_UNINITIALIZED_AUTOS = YES_AGGRESSIVE;
				GCC_WARN_UNUSED_FUNCTION = YES;
				GCC_WARN_UNUSED_VARIABLE = YES;
				IPHONEOS_DEPLOYMENT_TARGET = 26.0;
				LOCALIZATION_PREFERS_STRING_CATALOGS = YES;
				MTL_ENABLE_DEBUG_INFO = NO;
				MTL_FAST_MATH = YES;
				SDKROOT = iphoneos;
				SWIFT_COMPILATION_MODE = wholemodule;
				VALIDATE_PRODUCT = YES;
			};
			name = Release;
		};
		5EA35DB12E2248CD00859F79 /* Debug */ = {
			isa = XCBuildConfiguration;
			buildSettings = {
				ASSETCATALOG_COMPILER_APPICON_NAME = AppIcon;
				ASSETCATALOG_COMPILER_GLOBAL_ACCENT_COLOR_NAME = AccentColor;
				ASSETCATALOG_COMPILER_INCLUDE_ALL_APPICON_ASSETS = NO;
				CODE_SIGN_STYLE = Automatic;
				CURRENT_PROJECT_VERSION = 1;
				DEVELOPMENT_TEAM = H32ZYL9A98;
				ENABLE_PREVIEWS = YES;
				GENERATE_INFOPLIST_FILE = YES;
				INFOPLIST_FILE = CoinPulse/Info.plist;
				INFOPLIST_KEY_UIApplicationSceneManifest_Generation = YES;
				INFOPLIST_KEY_UIApplicationSupportsIndirectInputEvents = YES;
				INFOPLIST_KEY_UILaunchScreen_Generation = YES;
				INFOPLIST_KEY_UILaunchStoryboardName = "Launch Screen";
				INFOPLIST_KEY_UISupportedInterfaceOrientations_iPad = "UIInterfaceOrientationPortrait UIInterfaceOrientationPortraitUpsideDown UIInterfaceOrientationLandscapeLeft UIInterfaceOrientationLandscapeRight";
				INFOPLIST_KEY_UISupportedInterfaceOrientations_iPhone = "UIInterfaceOrientationPortrait UIInterfaceOrientationLandscapeLeft UIInterfaceOrientationLandscapeRight";
				LD_RUNPATH_SEARCH_PATHS = (
					"$(inherited)",
					"@executable_path/Frameworks",
				);
				MARKETING_VERSION = 1.0;
				PRODUCT_BUNDLE_IDENTIFIER = com.coinpulse.CoinPulse;
				PRODUCT_NAME = "$(TARGET_NAME)";
				STRING_CATALOG_GENERATE_SYMBOLS = YES;
				SWIFT_DEFAULT_ACTOR_ISOLATION = MainActor;
				SWIFT_EMIT_LOC_STRINGS = YES;
				SWIFT_UPCOMING_FEATURE_MEMBER_IMPORT_VISIBILITY = YES;
				SWIFT_VERSION = 5.0;
				TARGETED_DEVICE_FAMILY = "1,2";
			};
			name = Debug;
		};
		5EA35DB22E2248CD00859F79 /* Release */ = {
			isa = XCBuildConfiguration;
			buildSettings = {
				ASSETCATALOG_COMPILER_APPICON_NAME = AppIcon;
				ASSETCATALOG_COMPILER_GLOBAL_ACCENT_COLOR_NAME = AccentColor;
				ASSETCATALOG_COMPILER_INCLUDE_ALL_APPICON_ASSETS = NO;
				CODE_SIGN_STYLE = Automatic;
				CURRENT_PROJECT_VERSION = 1;
				DEVELOPMENT_TEAM = H32ZYL9A98;
				ENABLE_PREVIEWS = YES;
				GENERATE_INFOPLIST_FILE = YES;
				INFOPLIST_FILE = CoinPulse/Info.plist;
				INFOPLIST_KEY_UIApplicationSceneManifest_Generation = YES;
				INFOPLIST_KEY_UIApplicationSupportsIndirectInputEvents = YES;
				INFOPLIST_KEY_UILaunchScreen_Generation = YES;
				INFOPLIST_KEY_UILaunchStoryboardName = "Launch Screen";
				INFOPLIST_KEY_UISupportedInterfaceOrientations_iPad = "UIInterfaceOrientationPortrait UIInterfaceOrientationPortraitUpsideDown UIInterfaceOrientationLandscapeLeft UIInterfaceOrientationLandscapeRight";
				INFOPLIST_KEY_UISupportedInterfaceOrientations_iPhone = "UIInterfaceOrientationPortrait UIInterfaceOrientationLandscapeLeft UIInterfaceOrientationLandscapeRight";
				LD_RUNPATH_SEARCH_PATHS = (
					"$(inherited)",
					"@executable_path/Frameworks",
				);
				MARKETING_VERSION = 1.0;
				PRODUCT_BUNDLE_IDENTIFIER = com.coinpulse.CoinPulse;
				PRODUCT_NAME = "$(TARGET_NAME)";
				STRING_CATALOG_GENERATE_SYMBOLS = YES;
				SWIFT_DEFAULT_ACTOR_ISOLATION = MainActor;
				SWIFT_EMIT_LOC_STRINGS = YES;
				SWIFT_UPCOMING_FEATURE_MEMBER_IMPORT_VISIBILITY = YES;
				SWIFT_VERSION = 5.0;
				TARGETED_DEVICE_FAMILY = "1,2";
			};
			name = Release;
		};
		5EA35DB42E2248CD00859F79 /* Debug */ = {
			isa = XCBuildConfiguration;
			buildSettings = {
				BUNDLE_LOADER = "$(TEST_HOST)";
				CODE_SIGN_STYLE = Automatic;
				CURRENT_PROJECT_VERSION = 1;
				DEVELOPMENT_TEAM = H32ZYL9A98;
				GENERATE_INFOPLIST_FILE = YES;
				IPHONEOS_DEPLOYMENT_TARGET = 26.0;
				MARKETING_VERSION = 1.0;
				PRODUCT_BUNDLE_IDENTIFIER = com.coinpulse.CoinPulseTests;
				PRODUCT_NAME = "$(TARGET_NAME)";
				STRING_CATALOG_GENERATE_SYMBOLS = NO;
				SWIFT_EMIT_LOC_STRINGS = NO;
				SWIFT_UPCOMING_FEATURE_MEMBER_IMPORT_VISIBILITY = YES;
				SWIFT_VERSION = 5.0;
				TARGETED_DEVICE_FAMILY = "1,2";
				TEST_HOST = "$(BUILT_PRODUCTS_DIR)/CoinPulse.app/$(BUNDLE_EXECUTABLE_FOLDER_PATH)/CoinPulse";
			};
			name = Debug;
		};
		5EA35DB52E2248CD00859F79 /* Release */ = {
			isa = XCBuildConfiguration;
			buildSettings = {
				BUNDLE_LOADER = "$(TEST_HOST)";
				CODE_SIGN_STYLE = Automatic;
				CURRENT_PROJECT_VERSION = 1;
				DEVELOPMENT_TEAM = H32ZYL9A98;
				GENERATE_INFOPLIST_FILE = YES;
				IPHONEOS_DEPLOYMENT_TARGET = 26.0;
				MARKETING_VERSION = 1.0;
				PRODUCT_BUNDLE_IDENTIFIER = com.coinpulse.CoinPulseTests;
				PRODUCT_NAME = "$(TARGET_NAME)";
				STRING_CATALOG_GENERATE_SYMBOLS = NO;
				SWIFT_EMIT_LOC_STRINGS = NO;
				SWIFT_UPCOMING_FEATURE_MEMBER_IMPORT_VISIBILITY = YES;
				SWIFT_VERSION = 5.0;
				TARGETED_DEVICE_FAMILY = "1,2";
				TEST_HOST = "$(BUILT_PRODUCTS_DIR)/CoinPulse.app/$(BUNDLE_EXECUTABLE_FOLDER_PATH)/CoinPulse";
			};
			name = Release;
		};
		5EA35DB72E2248CD00859F79 /* Debug */ = {
			isa = XCBuildConfiguration;
			buildSettings = {
				CODE_SIGN_STYLE = Automatic;
				CURRENT_PROJECT_VERSION = 1;
				DEVELOPMENT_TEAM = H32ZYL9A98;
				GENERATE_INFOPLIST_FILE = YES;
				MARKETING_VERSION = 1.0;
				PRODUCT_BUNDLE_IDENTIFIER = com.coinpulse.CoinPulseUITests;
				PRODUCT_NAME = "$(TARGET_NAME)";
				STRING_CATALOG_GENERATE_SYMBOLS = NO;
				SWIFT_EMIT_LOC_STRINGS = NO;
				SWIFT_UPCOMING_FEATURE_MEMBER_IMPORT_VISIBILITY = YES;
				SWIFT_VERSION = 5.0;
				TARGETED_DEVICE_FAMILY = "1,2";
				TEST_TARGET_NAME = CoinPulse;
			};
			name = Debug;
		};
		5EA35DB82E2248CD00859F79 /* Release */ = {
			isa = XCBuildConfiguration;
			buildSettings = {
				CODE_SIGN_STYLE = Automatic;
				CURRENT_PROJECT_VERSION = 1;
				DEVELOPMENT_TEAM = H32ZYL9A98;
				GENERATE_INFOPLIST_FILE = YES;
				MARKETING_VERSION = 1.0;
				PRODUCT_BUNDLE_IDENTIFIER = com.coinpulse.CoinPulseUITests;
				PRODUCT_NAME = "$(TARGET_NAME)";
				STRING_CATALOG_GENERATE_SYMBOLS = NO;
				SWIFT_EMIT_LOC_STRINGS = NO;
				SWIFT_UPCOMING_FEATURE_MEMBER_IMPORT_VISIBILITY = YES;
				SWIFT_VERSION = 5.0;
				TARGETED_DEVICE_FAMILY = "1,2";
				TEST_TARGET_NAME = CoinPulse;
			};
			name = Release;
		};
/* End XCBuildConfiguration section */

/* Begin XCConfigurationList section */
		5EA35D8A2E2248CA00859F79 /* Build configuration list for PBXProject "CoinPulse" */ = {
			isa = XCConfigurationList;
			buildConfigurations = (
				5EA35DAE2E2248CD00859F79 /* Debug */,
				5EA35DAF2E2248CD00859F79 /* Release */,
			);
			defaultConfigurationIsVisible = 0;
			defaultConfigurationName = Release;
		};
		5EA35DB02E2248CD00859F79 /* Build configuration list for PBXNativeTarget "CoinPulse" */ = {
			isa = XCConfigurationList;
			buildConfigurations = (
				5EA35DB12E2248CD00859F79 /* Debug */,
				5EA35DB22E2248CD00859F79 /* Release */,
			);
			defaultConfigurationIsVisible = 0;
			defaultConfigurationName = Release;
		};
		5EA35DB32E2248CD00859F79 /* Build configuration list for PBXNativeTarget "CoinPulseTests" */ = {
			isa = XCConfigurationList;
			buildConfigurations = (
				5EA35DB42E2248CD00859F79 /* Debug */,
				5EA35DB52E2248CD00859F79 /* Release */,
			);
			defaultConfigurationIsVisible = 0;
			defaultConfigurationName = Release;
		};
		5EA35DB62E2248CD00859F79 /* Build configuration list for PBXNativeTarget "CoinPulseUITests" */ = {
			isa = XCConfigurationList;
			buildConfigurations = (
				5EA35DB72E2248CD00859F79 /* Debug */,
				5EA35DB82E2248CD00859F79 /* Release */,
			);
			defaultConfigurationIsVisible = 0;
			defaultConfigurationName = Release;
		};
/* End XCConfigurationList section */

/* Begin XCRemoteSwiftPackageReference section */
		5E361A122E23BBD10007F574 /* XCRemoteSwiftPackageReference "swift-trading-view" */ = {
			isa = XCRemoteSwiftPackageReference;
			repositoryURL = "https://github.com/sergiikhliustin/swift-trading-view";
			requirement = {
				kind = upToNextMajorVersion;
				minimumVersion = 1.0.6;
			};
		};
		5E361A192E23C6EE0007F574 /* XCRemoteSwiftPackageReference "Charts" */ = {
			isa = XCRemoteSwiftPackageReference;
			repositoryURL = "https://github.com/danielgindi/Charts";
			requirement = {
				kind = upToNextMajorVersion;
				minimumVersion = 5.1.0;
			};
		};
/* End XCRemoteSwiftPackageReference section */

/* Begin XCSwiftPackageProductDependency section */
		5E361A132E23BBD10007F574 /* SwiftTA */ = {
			isa = XCSwiftPackageProductDependency;
			package = 5E361A122E23BBD10007F574 /* XCRemoteSwiftPackageReference "swift-trading-view" */;
			productName = SwiftTA;
		};
		5E361A152E23BBD10007F574 /* SwiftTradingView */ = {
			isa = XCSwiftPackageProductDependency;
			package = 5E361A122E23BBD10007F574 /* XCRemoteSwiftPackageReference "swift-trading-view" */;
			productName = SwiftTradingView;
		};
		5E361A172E23BBD10007F574 /* TALib */ = {
			isa = XCSwiftPackageProductDependency;
			package = 5E361A122E23BBD10007F574 /* XCRemoteSwiftPackageReference "swift-trading-view" */;
			productName = TALib;
		};
		5E361A1A2E23C6EE0007F574 /* DGCharts */ = {
			isa = XCSwiftPackageProductDependency;
			package = 5E361A192E23C6EE0007F574 /* XCRemoteSwiftPackageReference "Charts" */;
			productName = DGCharts;
		};
/* End XCSwiftPackageProductDependency section */
	};
	rootObject = 5EA35D872E2248CA00859F79 /* Project object */;
}
